
Microsoft Visual Studio Solution File, Format Version 12.00
# Visual Studio Version 16
VisualStudioVersion = 16.0.29806.167
MinimumVisualStudioVersion = 10.0.40219.1
Project("{FAE04EC0-301F-11D3-BF4B-00C04F79EFBC}") = "EmployeeManageMentWebApi", "EmployeeManageMentWebApi.csproj", "{9C35F55C-CBF5-414D-BDD2-F5AD08C4F8E0}"
EndProject
Global
	GlobalSection(SolutionConfigurationPlatforms) = preSolution
		Debug|Any CPU = Debug|Any CPU
		Release|Any CPU = Release|Any CPU
	EndGlobalSection
	GlobalSection(ProjectConfigurationPlatforms) = postSolution
		{9C35F55C-CBF5-414D-BDD2-F5AD08C4F8E0}.Debug|Any CPU.ActiveCfg = Debug|Any CPU
		{9C35F55C-CBF5-414D-BDD2-F5AD08C4F8E0}.Debug|Any CPU.Build.0 = Debug|Any CPU
		{9C35F55C-CBF5-414D-BDD2-F5AD08C4F8E0}.Release|Any CPU.ActiveCfg = Release|Any CPU
		{9C35F55C-CBF5-414D-BDD2-F5AD08C4F8E0}.Release|Any CPU.Build.0 = Release|Any CPU
	EndGlobalSection
	GlobalSection(SolutionProperties) = preSolution
		HideSolutionNode = FALSE
	EndGlobalSection
	GlobalSection(ExtensibilityGlobals) = postSolution
		SolutionGuid = {918B10B4-3F6F-45C7-A9C3-D397D2996F95}
	EndGlobalSection
EndGlobal
